
Microsoft Visual Studio Solution File, Format Version 12.00
# Visual Studio Version 17
VisualStudioVersion = 17.6.33829.357
MinimumVisualStudioVersion = 10.0.40219.1
Project("{FAE04EC0-301F-11D3-BF4B-00C04F79EFBC}") = "image_game", "image_game.csproj", "{1827A822-DE93-42C0-8DDA-EFF54B22B72C}"
EndProject
Global
	GlobalSection(SolutionConfigurationPlatforms) = preSolution
		Debug|Any CPU = Debug|Any CPU
		Release|Any CPU = Release|Any CPU
	EndGlobalSection
	GlobalSection(ProjectConfigurationPlatforms) = postSolution
		{1827A822-DE93-42C0-8DDA-EFF54B22B72C}.Debug|Any CPU.ActiveCfg = Debug|Any CPU
		{1827A822-DE93-42C0-8DDA-EFF54B22B72C}.Debug|Any CPU.Build.0 = Debug|Any CPU
		{1827A822-DE93-42C0-8DDA-EFF54B22B72C}.Release|Any CPU.ActiveCfg = Release|Any CPU
		{1827A822-DE93-42C0-8DDA-EFF54B22B72C}.Release|Any CPU.Build.0 = Release|Any CPU
	EndGlobalSection
	GlobalSection(SolutionProperties) = preSolution
		HideSolutionNode = FALSE
	EndGlobalSection
	GlobalSection(ExtensibilityGlobals) = postSolution
		SolutionGuid = {3F47F686-5ABC-4A63-8811-C775FB947F66}
	EndGlobalSection
EndGlobal
